{
    "_meta": {
        "hash": {
            "sha256": "91a257242479870c4a7ec99cc77716d12d625b45c3f95ddc9c3400aaf4df0782"
        },
        "pipfile-spec": 6,
        "requires": {
            "python_version": "3.7"
        },
        "sources": [
            {
                "name": "pypi",
                "url": "https://pypi.org/simple",
                "verify_ssl": true
            }
        ]
    },
    "default": {
        "absl-py": {
            "hashes": [
                "sha256:75e737d6ce7723d9ff9b7aa1ba3233c34be62ef18d5859e706b8fdc828989830"
            ],
            "version": "==0.9.0"
        },
        "astor": {
            "hashes": [
                "sha256:070a54e890cefb5b3739d19f30f5a5ec840ffc9c50ffa7d23cc9fc1a38ebbfc5",
                "sha256:6a6effda93f4e1ce9f618779b2dd1d9d84f1e32812c23a29b3fff6fd7f63fa5e"
            ],
            "markers": "python_version >= '2.7' and python_version not in '3.0, 3.1, 3.2, 3.3'",
            "version": "==0.8.1"
        },
        "cython": {
            "hashes": [
                "sha256:0ac10bf476476a9f7ef61ec6e44c280ef434473124ad31d3132b720f7b0e8d2a",
                "sha256:0e25c209c75df8785480dcef85db3d36c165dbc0f4c503168e8763eb735704f2",
                "sha256:171b9f70ceafcec5852089d0f9c1e75b0d554f46c882cd4e2e4acaba9bd7d148",
                "sha256:23f3a00b843a19de8bb4468b087db5b413a903213f67188729782488d67040e0",
                "sha256:2922e3031ba9ebbe7cb9200b585cc33b71d66023d78450dcb883f824f4969371",
                "sha256:31c71a615f38401b0dc1f2a5a9a6c421ffd8908c4cd5bbedc4014c1b876488e8",
                "sha256:473df5d5e400444a36ed81c6596f56a5b52a3481312d0a48d68b777790f730ae",
                "sha256:497841897942f734b0abc2dead2d4009795ee992267a70a23485fd0e937edc0b",
                "sha256:539e59949aab4955c143a468810123bf22d3e8556421e1ce2531ed4893914ca0",
                "sha256:540b3bee0711aac2e99bda4fa0a46dbcd8c74941666bfc1ef9236b1a64eeffd9",
                "sha256:57ead89128dee9609119c93d3926c7a2add451453063147900408a50144598c6",
                "sha256:5c4276fdcbccdf1e3c1756c7aeb8395e9a36874fa4d30860e7694f43d325ae13",
                "sha256:5da187bebe38030325e1c0b5b8a804d489410be2d384c0ef3ba39493c67eb51e",
                "sha256:5e545a48f919e40079b0efe7b0e081c74b96f9ef25b9c1ff4cdbd95764426b58",
                "sha256:603b9f1b8e93e8b494d3e89320c410679e21018e48b6cbc77280f5db71f17dc0",
                "sha256:695a6bcaf9e12b1e471dfce96bbecf22a1487adc2ac6106b15960a2b51b97f5d",
                "sha256:715294cd2246b39a8edca464a8366eb635f17213e4a6b9e74e52d8b877a8cb63",
                "sha256:856c7fb31d247ce713d60116375e1f8153d0291ab5e92cca7d8833a524ba9991",
                "sha256:8c6e25e9cc4961bb2abb1777c6fa9d0fa2d9b014beb3276cebe69996ff162b78",
                "sha256:9207fdedc7e789a3dcaca628176b80c82fbed9ae0997210738cbb12536a56699",
                "sha256:93f5fed1c9445fb7afe20450cdaf94b0e0356d47cc75008105be89c6a2e417b1",
                "sha256:9ce5e5209f8406ffc2b058b1293cce7a954911bb7991e623564d489197c9ba30",
                "sha256:a0674f246ad5e1571ef29d4c5ec1d6ecabe9e6c424ad0d6fee46b914d5d24d69",
                "sha256:b2f9172e4d6358f33ecce6a4339b5960f9f83eab67ea244baa812737793826b7",
                "sha256:b8a8a31b9e8860634adbca30fea1d0c7f08e208b3d7611f3e580e5f20992e5d7",
                "sha256:b8d8497091c1dc8705d1575c71e908a93b1f127a174b2d472020f3d84263ac28",
                "sha256:c4b78356074fcaac04ecb4de289f11d506e438859877670992ece11f9c90f37b",
                "sha256:c541b2b49c6638f2b5beb9316726db84a8d1c132bf31b942dae1f9c7f6ad3b92",
                "sha256:c8435959321cf8aec867bbad54b83b7fb8343204b530d85d9ea7a1f5329d5ac2",
                "sha256:ccb77faeaad99e99c6c444d04862c6cf604204fe0a07d4c8f9cbf2c9012d7d5a",
                "sha256:e272ed97d20b026f4f25a012b25d7d7672a60e4f72b9ca385239d693cd91b2d5",
                "sha256:e57acb89bd55943c8d8bf813763d20b9099cc7165c0f16b707631a7654be9cad",
                "sha256:e93acd1f603a0c1786e0841f066ae7cef014cf4750e3cd06fd03cfdf46361419"
            ],
            "index": "pypi",
            "version": "==0.29.21"
        },
        "gast": {
            "hashes": [
                "sha256:fe939df4583692f0512161ec1c880e0a10e71e6a232da045ab8edd3756fbadf0"
            ],
            "markers": "python_version >= '2.7' and python_version not in '3.0, 3.1, 3.2, 3.3'",
            "version": "==0.2.2"
        },
        "google-pasta": {
            "hashes": [
                "sha256:4612951da876b1a10fe3960d7226f0c7682cf901e16ac06e473b267a5afa8954",
                "sha256:b32482794a366b5366a32c92a9a9201b107821889935a02b3e51f6b432ea84ed",
                "sha256:c9f2c8dfc8f96d0d5808299920721be30c9eec37f2389f28904f454565c8a16e"
            ],
            "version": "==0.2.0"
        },
        "grpcio": {
            "hashes": [
                "sha256:08362b8b09562179b14db6ffce4b88e1a6a6edac8bccb85dd35f7b214fa5a0f5",
                "sha256:09bea7902adc33620d68462671942e163ab12214073ffb613d2fef3df94254f6",
                "sha256:0c334d6cbe27ebaa9e7211236dc99f3a9ca2ea4b3bf89b0d2544df2924343cc5",
                "sha256:0c4e316e02fc227c6fba858707baee46f30d890754fc4acdf2cfec2ea0bf0aa1",
                "sha256:14743e8fdfdabbab1a2075ffafd25e0a8b1a864505e3cccdf19793766cdc4624",
                "sha256:1f45ec5003101f16673436b150bac73c2355cd9ae78cb14f3707be01a39b5450",
                "sha256:2121afee4e3ebea7df1137bfb4dc396b1856aff4c517780108d9ce82f57bf2f8",
                "sha256:2522f1808fe41bd8807feb5330025378553745b727eacb07562319205d1fd405",
                "sha256:31e9891ac742e6866aec0cf67f1892618982cfbaf08bdcf3bb2e0f0828530c38",
                "sha256:32fe6369143c262d096995ebdd55eeb77f0e1dbe8343a956462ef0607527c7bc",
                "sha256:37da010e209289085d3362f371d9feefc152790859470f5e413d84a95a8d3998",
                "sha256:38ab75168a9024d393bf43343960da425736038d249920955f223bc762587697",
                "sha256:3cb78f8078ae583810c2eb47e536b0803a039656685144db43897e8beca4e203",
                "sha256:474bb992355b4a3cb8d7cb783b2d81f628c16ea921cec54ff492420e11c896f5",
                "sha256:74e8b6bd0f7ae64a7eecfe9bf10bc7a905d3b3eb2775cd3a9fdcdafd277469dd",
                "sha256:795f351ef70a931f8f7be6a10a509714ec0a6e36c674a071abe5da8eb6b8bb35",
                "sha256:7b47ec90cab0827679b511f7f9ef4fb0077cb5d7bb3d7b917154e718bb4d983b",
                "sha256:7f264d740906655a147448d57e4422723639d2d3f891734b8d5eb1675cb47192",
                "sha256:872d45a2e01f47db095bec032470a8c5c0a5ebd00fc930b5ae35c756b20d2cff",
                "sha256:8d3249566b2d8b97925fbb2ae6c5b63c5ebdb919828230eae06a25e9614e051b",
                "sha256:9ae898c15d122a046f04ea99327e3e0bd10593eb413c4810b931103da6311a21",
                "sha256:ac97beab4a749c7faf6f267f7b149f6dff4f3ad64f6f6ac1d94d04019785d6a4",
                "sha256:afe1f9173b51945e66c72002995eb6d4217384aaaee53215ae85d8543251fec2",
                "sha256:b022cedea66b7d6774bbd7d32d5a8a374947fb572da1a6915210b09a6f51cbdf",
                "sha256:b0f7bfba0ae7a97b802348aba4e08b1e84988103cc1eb887241e7b069010058a",
                "sha256:b8e5194fb20f4365eacfc3c33d61662651e12e166978186faf378ee972eb0bab",
                "sha256:b934542dd61746651f7907d2d7878f62ef42fdb46935088fc6a1d8266a406ba5",
                "sha256:c8ad75925e87ed68d5f7d5e3ec4b9f2ed209fae67c0abbcbd17481cc474421ba",
                "sha256:d18e7fb5c5c336cc349d06cde24582e0bfa5e067fdd6268bf1519c4eb4af0199",
                "sha256:d5eee9d205518ee4feb9c424475ddad18a44fea97ff405780e7cd1d6df8ee96a",
                "sha256:e8f2f5d16e0164c415f1b31a8d9a81f2e4645a43d1b261375d6bab7b0adf511f"
            ],
            "version": "==1.30.0"
        },
        "h5py": {
            "hashes": [
                "sha256:063947eaed5f271679ed4ffa36bb96f57bc14f44dd4336a827d9a02702e6ce6b",
                "sha256:13c87efa24768a5e24e360a40e0bc4c49bcb7ce1bb13a3a7f9902cec302ccd36",
                "sha256:16ead3c57141101e3296ebeed79c9c143c32bdd0e82a61a2fc67e8e6d493e9d1",
                "sha256:3dad1730b6470fad853ef56d755d06bb916ee68a3d8272b3bab0c1ddf83bb99e",
                "sha256:51ae56894c6c93159086ffa2c94b5b3388c0400548ab26555c143e7cfa05b8e5",
                "sha256:54817b696e87eb9e403e42643305f142cd8b940fe9b3b490bbf98c3b8a894cf4",
                "sha256:549ad124df27c056b2e255ea1c44d30fb7a17d17676d03096ad5cd85edb32dc1",
                "sha256:64f74da4a1dd0d2042e7d04cf8294e04ddad686f8eba9bb79e517ae582f6668d",
                "sha256:6998be619c695910cb0effe5eb15d3a511d3d1a5d217d4bd0bebad1151ec2262",
                "sha256:6ef7ab1089e3ef53ca099038f3c0a94d03e3560e6aff0e9d6c64c55fb13fc681",
                "sha256:769e141512b54dee14ec76ed354fcacfc7d97fea5a7646b709f7400cf1838630",
                "sha256:79b23f47c6524d61f899254f5cd5e486e19868f1823298bc0c29d345c2447172",
                "sha256:7be5754a159236e95bd196419485343e2b5875e806fe68919e087b6351f40a70",
                "sha256:84412798925dc870ffd7107f045d7659e60f5d46d1c70c700375248bf6bf512d",
                "sha256:86868dc07b9cc8cb7627372a2e6636cdc7a53b7e2854ad020c9e9d8a4d3fd0f5",
                "sha256:8bb1d2de101f39743f91512a9750fb6c351c032e5cd3204b4487383e34da7f75",
                "sha256:a5f82cd4938ff8761d9760af3274acf55afc3c91c649c50ab18fcff5510a14a5",
                "sha256:aac4b57097ac29089f179bbc2a6e14102dd210618e94d77ee4831c65f82f17c0",
                "sha256:bffbc48331b4a801d2f4b7dac8a72609f0b10e6e516e5c480a3e3241e091c878",
                "sha256:c0d4b04bbf96c47b6d360cd06939e72def512b20a18a8547fa4af810258355d5",
                "sha256:c54a2c0dd4957776ace7f95879d81582298c5daf89e77fb8bee7378f132951de",
                "sha256:cbf28ae4b5af0f05aa6e7551cee304f1d317dbed1eb7ac1d827cee2f1ef97a99",
                "sha256:d35f7a3a6cefec82bfdad2785e78359a0e6a5fbb3f605dd5623ce88082ccd681",
                "sha256:d3c59549f90a891691991c17f8e58c8544060fdf3ccdea267100fa5f561ff62f",
                "sha256:d7ae7a0576b06cb8e8a1c265a8bc4b73d05fdee6429bffc9a26a6eb531e79d72",
                "sha256:ecf4d0b56ee394a0984de15bceeb97cbe1fe485f1ac205121293fc44dcf3f31f",
                "sha256:f0e25bb91e7a02efccb50aba6591d3fe2c725479e34769802fcdd4076abfa917",
                "sha256:f23951a53d18398ef1344c186fb04b26163ca6ce449ebd23404b153fd111ded9",
                "sha256:ff7d241f866b718e4584fa95f520cb19405220c501bd3a53ee11871ba5166ea2"
            ],
            "version": "==2.10.0"
        },
        "importlib-metadata": {
            "hashes": [
                "sha256:90bb658cdbbf6d1735b6341ce708fc7024a3e14e99ffdc5783edea9f9b077f83",
                "sha256:dc15b2969b4ce36305c51eebe62d418ac7791e9a157911d58bfb1f9ccd8e2070"
            ],
            "markers": "python_version < '3.8'",
            "version": "==1.7.0"
        },
        "keras-applications": {
            "hashes": [
                "sha256:5579f9a12bcde9748f4a12233925a59b93b73ae6947409ff34aa2ba258189fe5",
                "sha256:df4323692b8c1174af821bf906f1e442e63fa7589bf0f1230a0b6bdc5a810c95"
            ],
            "version": "==1.0.8"
        },
        "keras-preprocessing": {
            "hashes": [
                "sha256:7b82029b130ff61cc99b55f3bd27427df4838576838c5b2f65940e4fcec99a7b",
                "sha256:add82567c50c8bc648c14195bf544a5ce7c1f76761536956c3d2978970179ef3"
            ],
            "version": "==1.1.2"
        },
        "markdown": {
            "hashes": [
                "sha256:1fafe3f1ecabfb514a5285fca634a53c1b32a81cb0feb154264d55bf2ff22c17",
                "sha256:c467cd6233885534bf0fe96e62e3cf46cfc1605112356c4f9981512b8174de59"
            ],
            "markers": "python_version >= '3.5'",
            "version": "==3.2.2"
        },
        "nms": {
            "hashes": [
                "sha256:32f29ab0311fab2515da7c203f599181c672620144f8fde1220a8f2a238f830a",
                "sha256:55c897ab56f70772b742de6d2706e55a1e8cfeeaeed33bee85a26ff8031a9cc7"
            ],
            "index": "pypi",
            "version": "==0.1.6"
        },
        "numpy": {
            "hashes": [
                "sha256:13af0184177469192d80db9bd02619f6fa8b922f9f327e077d6f2a6acb1ce1c0",
                "sha256:26a45798ca2a4e168d00de75d4a524abf5907949231512f372b217ede3429e98",
                "sha256:26f509450db547e4dfa3ec739419b31edad646d21fb8d0ed0734188b35ff6b27",
                "sha256:30a59fb41bb6b8c465ab50d60a1b298d1cd7b85274e71f38af5a75d6c475d2d2",
                "sha256:33c623ef9ca5e19e05991f127c1be5aeb1ab5cdf30cb1c5cf3960752e58b599b",
                "sha256:356f96c9fbec59974a592452ab6a036cd6f180822a60b529a975c9467fcd5f23",
                "sha256:3c40c827d36c6d1c3cf413694d7dc843d50997ebffbc7c87d888a203ed6403a7",
                "sha256:4d054f013a1983551254e2379385e359884e5af105e3efe00418977d02f634a7",
                "sha256:63d971bb211ad3ca37b2adecdd5365f40f3b741a455beecba70fd0dde8b2a4cb",
                "sha256:658624a11f6e1c252b2cd170d94bf28c8f9410acab9f2fd4369e11e1cd4e1aaf",
                "sha256:76766cc80d6128750075378d3bb7812cf146415bd29b588616f72c943c00d598",
                "sha256:7b57f26e5e6ee2f14f960db46bd58ffdca25ca06dd997729b1b179fddd35f5a3",
                "sha256:7b852817800eb02e109ae4a9cef2beda8dd50d98b76b6cfb7b5c0099d27b52d4",
                "sha256:8cde829f14bd38f6da7b2954be0f2837043e8b8d7a9110ec5e318ae6bf706610",
                "sha256:a2e3a39f43f0ce95204beb8fe0831199542ccab1e0c6e486a0b4947256215632",
                "sha256:a86c962e211f37edd61d6e11bb4df7eddc4a519a38a856e20a6498c319efa6b0",
                "sha256:a8705c5073fe3fcc297fb8e0b31aa794e05af6a329e81b7ca4ffecab7f2b95ef",
                "sha256:b6aaeadf1e4866ca0fdf7bb4eed25e521ae21a7947c59f78154b24fc7abbe1dd",
                "sha256:be62aeff8f2f054eff7725f502f6228298891fd648dc2630e03e44bf63e8cee0",
                "sha256:c2edbb783c841e36ca0fa159f0ae97a88ce8137fb3a6cd82eae77349ba4b607b",
                "sha256:cbe326f6d364375a8e5a8ccb7e9cd73f4b2f6dc3b2ed205633a0db8243e2a96a",
                "sha256:d34fbb98ad0d6b563b95de852a284074514331e6b9da0a9fc894fb1cdae7a79e",
                "sha256:d97a86937cf9970453c3b62abb55a6475f173347b4cde7f8dcdb48c8e1b9952d",
                "sha256:dd53d7c4a69e766e4900f29db5872f5824a06827d594427cf1a4aa542818b796",
                "sha256:df1889701e2dfd8ba4dc9b1a010f0a60950077fb5242bb92c8b5c7f1a6f2668a",
                "sha256:fa1fe75b4a9e18b66ae7f0b122543c42debcf800aaafa0212aaff3ad273c2596"
            ],
            "markers": "python_version >= '3.6'",
            "version": "==1.19.0"
        },
        "opencv-python": {
            "hashes": [
                "sha256:156e2954d5b38b676e8a24d66703cf15f252e24ec49db7e842a8b5eed46074ba",
                "sha256:1bf486680a16d739f7852a62865b72eb7692df584694815774ba97b471b8bc3f",
                "sha256:1ea08f22246ccd33174d59edfa3f13930bf2c28096568242090bd9d8770fb8a8",
                "sha256:210ab40c8c9dadc7dc9ed7beebe2e0a2415a744f8d6857762a80c8e0fcc477c8",
                "sha256:2ec6502bfac01b27ac06daf7bc9f7a4f482a6a0d8e1b30e15c411d478454a19f",
                "sha256:2fe704e35808cf6b17b793e89fd00e9ef7779f85f274666a4e092671aedd09c0",
                "sha256:4b93b5f8df187e4dba9fb25c46fa8cf342c257de144f7c86d75c06416566a199",
                "sha256:55e1d7a2d11c40ea5b53aabe5c4122038803c7d492505c8f93af077aa7fe2ce1",
                "sha256:677f61332436e22f83a1e4e6f6863a760734fbc8029ba6a8ef0af4554cde6f93",
                "sha256:76ddc6daf8607eda1d866395dcf98526ef96f3e616d8c37ccc7629f9aaf6d4d4",
                "sha256:c4f1e9d963c8f370284afa87fcf521cc8439a610a500bf8ede27fd64dd9050bd",
                "sha256:c93b1198c85175a9fa9a9839c4da55c7ab9c5f57256f2e4211cd6c91d7d422e8",
                "sha256:d765c44827778cbe6bc8f272cd61514e8509b93fd24dd3324cd4abddf2026b11",
                "sha256:eb709245e56f6693d297f8818ff8e6c017fa80fdb5a923c64be623a678c7150e",
                "sha256:ef4ac758a4e2caee80ef9c86b83a279d6f132c9e7ae77957cf74013928814e05",
                "sha256:f67c1d92ff96c6c106f786b7ef9b9ab448fa03ef28cb7bb6f0f7b857b65bc158",
                "sha256:f6fa2834d85c78865ca6e3de563916086cb8c83c3f2ef80924fcd07005f05df9",
                "sha256:fa1a6d149a1a5e0bc54c737a59fe38d75384a092ae5e35f9b876fbb621f755c6",
                "sha256:fd457deedcf153dd6805a2b4d891ac2a0969566d3755fbf48a3ffb53978c9ed1"
            ],
            "index": "pypi",
            "version": "==4.3.0.36"
        },
        "opt-einsum": {
            "hashes": [
                "sha256:83b76a98d18ae6a5cc7a0d88955a7f74881f0e567a0f4c949d24c942753eb998",
                "sha256:96f819d46da2f937eaf326336a114aaeccbcbdb9de460d42e8b5f480a69adca7"
            ],
            "markers": "python_version >= '3.5'",
            "version": "==3.2.1"
        },
        "protobuf": {
            "hashes": [
                "sha256:304e08440c4a41a0f3592d2a38934aad6919d692bb0edfb355548786728f9a5e",
                "sha256:49ef8ab4c27812a89a76fa894fe7a08f42f2147078392c0dee51d4a444ef6df5",
                "sha256:50b5fee674878b14baea73b4568dc478c46a31dd50157a5b5d2f71138243b1a9",
                "sha256:5524c7020eb1fb7319472cb75c4c3206ef18b34d6034d2ee420a60f99cddeb07",
                "sha256:612bc97e42b22af10ba25e4140963fbaa4c5181487d163f4eb55b0b15b3dfcd2",
                "sha256:6f349adabf1c004aba53f7b4633459f8ca8a09654bf7e69b509c95a454755776",
                "sha256:85b94d2653b0fdf6d879e39d51018bf5ccd86c81c04e18a98e9888694b98226f",
                "sha256:87535dc2d2ef007b9d44e309d2b8ea27a03d2fa09556a72364d706fcb7090828",
                "sha256:a7ab28a8f1f043c58d157bceb64f80e4d2f7f1b934bc7ff5e7f7a55a337ea8b0",
                "sha256:a96f8fc625e9ff568838e556f6f6ae8eca8b4837cdfb3f90efcb7c00e342a2eb",
                "sha256:b5a114ea9b7fc90c2cc4867a866512672a47f66b154c6d7ee7e48ddb68b68122",
                "sha256:be04fe14ceed7f8641e30f36077c1a654ff6f17d0c7a5283b699d057d150d82a",
                "sha256:bff02030bab8b969f4de597543e55bd05e968567acb25c0a87495a31eb09e925",
                "sha256:c9ca9f76805e5a637605f171f6c4772fc4a81eced4e2f708f79c75166a2c99ea",
                "sha256:e1464a4a2cf12f58f662c8e6421772c07947266293fb701cb39cd9c1e183f63c",
                "sha256:e72736dd822748b0721f41f9aaaf6a5b6d5cfc78f6c8690263aef8bba4457f0e",
                "sha256:eafe9fa19fcefef424ee089fb01ac7177ff3691af7cc2ae8791ae523eb6ca907",
                "sha256:f4b73736108a416c76c17a8a09bc73af3d91edaa26c682aaa460ef91a47168d3"
            ],
            "version": "==3.12.2"
        },
        "six": {
            "hashes": [
                "sha256:30639c035cdb23534cd4aa2dd52c3bf48f06e5f4a941509c8bafd8ce11080259",
                "sha256:8b74bedcbbbaca38ff6d7491d76f2b06b3592611af620f8426e82dddb04a5ced"
            ],
            "markers": "python_version >= '2.7' and python_version not in '3.0, 3.1, 3.2, 3.3'",
            "version": "==1.15.0"
        },
        "tensorboard": {
            "hashes": [
                "sha256:4cad2c65f6011e51609b463014c014fd7c6ddd9c1263af1d4f18dd97ed88c2bc",
                "sha256:612b789386aa1b2c4804e1961273b37f8e4dd97613f98bc90ff0402d24627f50"
            ],
            "markers": "python_version >= '2.7' and python_version not in '3.0, 3.1, 3.2, 3.3'",
            "version": "==1.15.0"
        },
        "tensorflow": {
            "hashes": [
                "sha256:787044ff47d3f83ba892edbeea980f448e208ef15472b49ca87715ae103b526b",
                "sha256:aa914686bf01e88c8de9189f81e8655cdc2d22fa3d22e35b6edcb2693ca07c9c",
                "sha256:b4cf038262d49819699d262c029c704f7b35636534c9c214ce78d2242eb12dbd",
                "sha256:b8999705cf2cce5fa3004aa8b1448b9b8b6d387ecaed860f757c5612326f0827",
                "sha256:d3f4e8dc63cbeb67889260b9a7ecb4ec6386a84278518703c7b0bdea28eadf52",
                "sha256:d4c6caed7eebdc98521f2355c6415232f6c2d1730a924847e6bb6fccd095ec8c",
                "sha256:db8a7867e3d6461b28c1a3efae5cdb12a0fe4a1bbc140f22b9fba282c82115bc",
                "sha256:dc5d0763fa8e6422dc8781fd0e06e39ae653f58c477fdbeab19793064c27f4a1",
                "sha256:e4eb6793874a312ffa5aaca98a81bed2f07ae9a0eb5ccbe9a674f76c83f84ca8"
            ],
            "index": "pypi",
            "version": "==1.15.3"
        },
        "tensorflow-estimator": {
            "hashes": [
                "sha256:8853bfb7c3c96fbdc80b3d66c37a10af6ccbcd235dc87474764270c02a0f86b9"
            ],
            "version": "==1.15.1"
        },
        "termcolor": {
            "hashes": [
                "sha256:1d6d69ce66211143803fbc56652b41d73b4a400a2891d7bf7a1cdf4c02de613b"
            ],
            "version": "==1.1.0"
        },
        "werkzeug": {
            "hashes": [
                "sha256:2de2a5db0baeae7b2d2664949077c2ac63fbd16d98da0ff71837f7d1dea3fd43",
                "sha256:6c80b1e5ad3665290ea39320b91e1be1e0d5f60652b964a3070216de83d2e47c"
            ],
            "markers": "python_version >= '2.7' and python_version not in '3.0, 3.1, 3.2, 3.3, 3.4'",
            "version": "==1.0.1"
        },
        "wheel": {
            "hashes": [
                "sha256:8788e9155fe14f54164c1b9eb0a319d98ef02c160725587ad60f14ddc57b6f96",
                "sha256:df277cb51e61359aba502208d680f90c0493adec6f0e848af94948778aed386e"
            ],
            "markers": "python_version >= '3'",
            "version": "==0.34.2"
        },
        "wrapt": {
            "hashes": [
                "sha256:b62ffa81fb85f4332a4f609cab4ac40709470da05643a082ec1eb88e6d9b97d7"
            ],
            "version": "==1.12.1"
        },
        "zipp": {
            "hashes": [
                "sha256:aa36550ff0c0b7ef7fa639055d797116ee891440eac1a56f378e2d3179e0320b",
                "sha256:c599e4d75c98f6798c509911d08a22e6c021d074469042177c8c86fb92eefd96"
            ],
            "markers": "python_version >= '3.6'",
            "version": "==3.1.0"
        }
    },
    "develop": {}
}
